{
  "name": "cn-validator",
  "version": "1.2.5",
  "lockfileVersion": 2,
  "requires": true,
  "packages": {
    "": {
      "name": "cn-validator",
      "version": "1.2.5",
      "license": "MIT",
      "devDependencies": {
        "rollup": "^2.63.0"
      }
    },
    "node_modules/rollup": {
      "version": "2.63.0",
      "resolved": "https://registry.npmmirror.com/rollup/download/rollup-2.63.0.tgz",
      "integrity": "sha512-nps0idjmD+NXl6OREfyYXMn/dar3WGcyKn+KBzPdaLecub3x/LrId0wUcthcr8oZUAcZAR8NKcfGGFlNgGL1kQ==",
      "dev": true,
      "bin": {
        "rollup": "dist/bin/rollup"
      },
      "engines": {
        "node": ">=10.0.0"
      },
      "optionalDependencies": {
        "fsevents": "~2.3.2"
      }
    }
  },
  "dependencies": {
    "rollup": {
      "version": "2.63.0",
      "resolved": "https://registry.npmmirror.com/rollup/download/rollup-2.63.0.tgz",
      "integrity": "sha512-nps0idjmD+NXl6OREfyYXMn/dar3WGcyKn+KBzPdaLecub3x/LrId0wUcthcr8oZUAcZAR8NKcfGGFlNgGL1kQ==",
      "dev": true,
      "requires": {
        "fsevents": "~2.3.2"
      }
    }
  }
}
