# THIS IS AN AUTOGENERATED FILE. DO NOT EDIT THIS FILE DIRECTLY.
# yarn lockfile v1


"rollup@^2.63.0":
  "integrity" "sha512-nps0idjmD+NXl6OREfyYXMn/dar3WGcyKn+KBzPdaLecub3x/LrId0wUcthcr8oZUAcZAR8NKcfGGFlNgGL1kQ=="
  "resolved" "https://registry.npmmirror.com/rollup/download/rollup-2.63.0.tgz"
  "version" "2.63.0"
  optionalDependencies:
    "fsevents" "~2.3.2"
